
Microsoft Visual Studio Solution File, Format Version 12.00
# Visual Studio 2012
Project("{FAE04EC0-301F-11D3-BF4B-00C04F79EFBC}") = "d28", "d28\d28.csproj", "{BFF3996C-E4B7-466D-8D21-49FA66C2373A}"
EndProject
Global
	GlobalSection(SolutionConfigurationPlatforms) = preSolution
		Debug|Any CPU = Debug|Any CPU
		Release|Any CPU = Release|Any CPU
	EndGlobalSection
	GlobalSection(ProjectConfigurationPlatforms) = postSolution
		{BFF3996C-E4B7-466D-8D21-49FA66C2373A}.Debug|Any CPU.ActiveCfg = Debug|Any CPU
		{BFF3996C-E4B7-466D-8D21-49FA66C2373A}.Debug|Any CPU.Build.0 = Debug|Any CPU
		{BFF3996C-E4B7-466D-8D21-49FA66C2373A}.Release|Any CPU.ActiveCfg = Release|Any CPU
		{BFF3996C-E4B7-466D-8D21-49FA66C2373A}.Release|Any CPU.Build.0 = Release|Any CPU
	EndGlobalSection
	GlobalSection(SolutionProperties) = preSolution
		HideSolutionNode = FALSE
	EndGlobalSection
EndGlobal
