
Microsoft Visual Studio Solution File, Format Version 12.00
# Visual Studio 2012
Project("{FAE04EC0-301F-11D3-BF4B-00C04F79EFBC}") = "d35", "d35\d35.csproj", "{5FE36BE9-7A94-4889-A3F9-DA7C0A39E3EC}"
EndProject
Global
	GlobalSection(SolutionConfigurationPlatforms) = preSolution
		Debug|Any CPU = Debug|Any CPU
		Release|Any CPU = Release|Any CPU
	EndGlobalSection
	GlobalSection(ProjectConfigurationPlatforms) = postSolution
		{5FE36BE9-7A94-4889-A3F9-DA7C0A39E3EC}.Debug|Any CPU.ActiveCfg = Debug|Any CPU
		{5FE36BE9-7A94-4889-A3F9-DA7C0A39E3EC}.Debug|Any CPU.Build.0 = Debug|Any CPU
		{5FE36BE9-7A94-4889-A3F9-DA7C0A39E3EC}.Release|Any CPU.ActiveCfg = Release|Any CPU
		{5FE36BE9-7A94-4889-A3F9-DA7C0A39E3EC}.Release|Any CPU.Build.0 = Release|Any CPU
	EndGlobalSection
	GlobalSection(SolutionProperties) = preSolution
		HideSolutionNode = FALSE
	EndGlobalSection
EndGlobal
