
Microsoft Visual Studio Solution File, Format Version 12.00
# Visual Studio 2012
Project("{FAE04EC0-301F-11D3-BF4B-00C04F79EFBC}") = "d12", "d12\d12.csproj", "{BAC47F77-02D7-4614-B01B-899BE192A14D}"
EndProject
Global
	GlobalSection(SolutionConfigurationPlatforms) = preSolution
		Debug|Any CPU = Debug|Any CPU
		Release|Any CPU = Release|Any CPU
	EndGlobalSection
	GlobalSection(ProjectConfigurationPlatforms) = postSolution
		{BAC47F77-02D7-4614-B01B-899BE192A14D}.Debug|Any CPU.ActiveCfg = Debug|Any CPU
		{BAC47F77-02D7-4614-B01B-899BE192A14D}.Debug|Any CPU.Build.0 = Debug|Any CPU
		{BAC47F77-02D7-4614-B01B-899BE192A14D}.Release|Any CPU.ActiveCfg = Release|Any CPU
		{BAC47F77-02D7-4614-B01B-899BE192A14D}.Release|Any CPU.Build.0 = Release|Any CPU
	EndGlobalSection
	GlobalSection(SolutionProperties) = preSolution
		HideSolutionNode = FALSE
	EndGlobalSection
EndGlobal
